<?xml version="1.0" encoding="utf-8"?>
<Project ToolsVersion="4.0" xmlns="http://schemas.microsoft.com/developer/msbuild/2003">
  <ItemGroup>
    <Filter Include="Source Files">
      <UniqueIdentifier>{4FC737F1-C7A5-4376-A066-2A32D752A2FF}</UniqueIdentifier>
      <Extensions>cpp;c;cc;cxx;def;odl;idl;hpj;bat;asm;asmx</Extensions>
    </Filter>
    <Filter Include="Header Files">
      <UniqueIdentifier>{93995380-89BD-4b04-88EB-625FBE52EBFB}</UniqueIdentifier>
      <Extensions>h;hh;hpp;hxx;hm;inl;inc;ipp;xsd</Extensions>
    </Filter>
    <Filter Include="Resource Files">
      <UniqueIdentifier>{67DA6AB6-F800-4c08-8B7A-83BB121AAD01}</UniqueIdentifier>
      <Extensions>rc;ico;cur;bmp;dlg;rc2;rct;bin;rgs;gif;jpg;jpeg;jpe;resx;tiff;tif;png;wav;mfcribbon-ms</Extensions>
    </Filter>
    <Filter Include="Source Files\Map">
      <UniqueIdentifier>{dec049cb-316c-4a6d-8fca-ecad14691fb9}</UniqueIdentifier>
    </Filter>
    <Filter Include="Source Files\Scene">
      <UniqueIdentifier>{e935a47e-fbf9-4ce1-9b2b-4f490f65705d}</UniqueIdentifier>
    </Filter>
    <Filter Include="Source Files\Player">
      <UniqueIdentifier>{5018353a-7d54-4ef3-b435-8041723a239a}</UniqueIdentifier>
    </Filter>
    <Filter Include="Source Files\Objects">
      <UniqueIdentifier>{f9bd2773-d600-424e-9a5d-18fb05c1fe36}</UniqueIdentifier>
    </Filter>
    <Filter Include="Source Files\Objects\Hide">
      <UniqueIdentifier>{553e8df8-5b95-41fe-9abc-bc9efb8d0310}</UniqueIdentifier>
    </Filter>
    <Filter Include="Source Files\Item">
      <UniqueIdentifier>{b90e038b-e284-461a-afd5-d0514b47c56f}</UniqueIdentifier>
    </Filter>
    <Filter Include="Source Files\Effect">
      <UniqueIdentifier>{3e5f6944-a610-4493-b972-3aeadb25fd0a}</UniqueIdentifier>
    </Filter>
    <Filter Include="Source Files\Utils">
      <UniqueIdentifier>{4010da1f-3d5e-47f6-8cb5-12c13f4c720a}</UniqueIdentifier>
    </Filter>
    <Filter Include="Source Files\SubWeapons">
      <UniqueIdentifier>{24f766f2-e48e-45b3-9a59-bb7a3bf43259}</UniqueIdentifier>
    </Filter>
  </ItemGroup>
  <ItemGroup>
    <ClInclude Include="Sprites.h">
      <Filter>Header Files</Filter>
    </ClInclude>
    <ClInclude Include="Textures.h">
      <Filter>Header Files</Filter>
    </ClInclude>
    <ClInclude Include="Game.h">
      <Filter>Header Files</Filter>
    </ClInclude>
    <ClInclude Include="Map.h">
      <Filter>Source Files\Map</Filter>
    </ClInclude>
    <ClInclude Include="Layer.h">
      <Filter>Source Files\Map</Filter>
    </ClInclude>
    <ClInclude Include="ObjectLayer.h">
      <Filter>Source Files\Map</Filter>
    </ClInclude>
    <ClInclude Include="Scene.h">
      <Filter>Source Files\Scene</Filter>
    </ClInclude>
    <ClInclude Include="SceneStateMachine.h">
      <Filter>Source Files\Scene</Filter>
    </ClInclude>
    <ClInclude Include="PlayScene.h">
      <Filter>Source Files\Scene</Filter>
    </ClInclude>
    <ClInclude Include="MenuScene.h">
      <Filter>Source Files\Scene</Filter>
    </ClInclude>
    <ClInclude Include="Item.h">
      <Filter>Source Files\Item</Filter>
    </ClInclude>
    <ClInclude Include="ItemFactory.h">
      <Filter>Source Files\Item</Filter>
    </ClInclude>
    <ClInclude Include="Heart.h">
      <Filter>Source Files\Item</Filter>
    </ClInclude>
    <ClInclude Include="BHeart.h">
      <Filter>Source Files\Item</Filter>
    </ClInclude>
    <ClInclude Include="Effect.h">
      <Filter>Source Files\Effect</Filter>
    </ClInclude>
    <ClInclude Include="Flame.h">
      <Filter>Source Files\Effect</Filter>
    </ClInclude>
    <ClInclude Include="EffectFactory.h">
      <Filter>Source Files\Effect</Filter>
    </ClInclude>
    <ClInclude Include="IWhip.h">
      <Filter>Source Files\Item</Filter>
    </ClInclude>
    <ClInclude Include="Whip.h">
      <Filter>Source Files\Player</Filter>
    </ClInclude>
    <ClInclude Include="Brick.h">
      <Filter>Source Files\Objects</Filter>
    </ClInclude>
    <ClInclude Include="Torch.h">
      <Filter>Source Files\Objects</Filter>
    </ClInclude>
    <ClInclude Include="GameObject.h">
      <Filter>Source Files\Objects</Filter>
    </ClInclude>
    <ClInclude Include="define.h">
      <Filter>Source Files\Utils</Filter>
    </ClInclude>
    <ClInclude Include="debug.h">
      <Filter>Source Files\Utils</Filter>
    </ClInclude>
    <ClInclude Include="Weapon.h">
      <Filter>Source Files\SubWeapons</Filter>
    </ClInclude>
    <ClInclude Include="WeaponFactory.h">
      <Filter>Source Files\SubWeapons</Filter>
    </ClInclude>
    <ClInclude Include="WDagger.h">
      <Filter>Source Files\SubWeapons</Filter>
    </ClInclude>
    <ClInclude Include="IDagger.h">
      <Filter>Source Files\Item</Filter>
    </ClInclude>
    <ClInclude Include="IMoney.h">
      <Filter>Source Files\Item</Filter>
    </ClInclude>
    <ClInclude Include="HiddenObject.h">
      <Filter>Source Files\Objects\Hide</Filter>
    </ClInclude>
    <ClInclude Include="Ground.h">
      <Filter>Source Files\Objects\Hide</Filter>
    </ClInclude>
    <ClInclude Include="HMoney.h">
      <Filter>Source Files\Objects\Hide</Filter>
    </ClInclude>
    <ClInclude Include="Entrance.h">
      <Filter>Source Files\Objects\Hide</Filter>
    </ClInclude>
    <ClInclude Include="Simon.h">
      <Filter>Source Files\Player</Filter>
    </ClInclude>
    <ClInclude Include="RetroGrade.h">
      <Filter>Source Files\Objects\Hide</Filter>
    </ClInclude>
    <ClInclude Include="SwitchScene.h">
      <Filter>Source Files\Objects\Hide</Filter>
    </ClInclude>
    <ClInclude Include="Convert.h">
      <Filter>Source Files\Utils</Filter>
    </ClInclude>
    <ClInclude Include="Stair.h">
      <Filter>Source Files\Objects\Hide</Filter>
    </ClInclude>
  </ItemGroup>
  <ItemGroup>
    <ClCompile Include="main.cpp">
      <Filter>Source Files</Filter>
    </ClCompile>
    <ClCompile Include="Textures.cpp">
      <Filter>Source Files</Filter>
    </ClCompile>
    <ClCompile Include="Sprites.cpp">
      <Filter>Source Files</Filter>
    </ClCompile>
    <ClCompile Include="Game.cpp">
      <Filter>Source Files</Filter>
    </ClCompile>
    <ClCompile Include="Map.cpp">
      <Filter>Source Files\Map</Filter>
    </ClCompile>
    <ClCompile Include="Layer.cpp">
      <Filter>Source Files\Map</Filter>
    </ClCompile>
    <ClCompile Include="ObjectLayer.cpp">
      <Filter>Source Files\Map</Filter>
    </ClCompile>
    <ClCompile Include="SceneStateMachine.cpp">
      <Filter>Source Files\Scene</Filter>
    </ClCompile>
    <ClCompile Include="PlayScene.cpp">
      <Filter>Source Files\Scene</Filter>
    </ClCompile>
    <ClCompile Include="MenuScene.cpp">
      <Filter>Source Files\Scene</Filter>
    </ClCompile>
    <ClCompile Include="Item.cpp">
      <Filter>Source Files\Item</Filter>
    </ClCompile>
    <ClCompile Include="ItemFactory.cpp">
      <Filter>Source Files\Item</Filter>
    </ClCompile>
    <ClCompile Include="Heart.cpp">
      <Filter>Source Files\Item</Filter>
    </ClCompile>
    <ClCompile Include="BHeart.cpp">
      <Filter>Source Files\Item</Filter>
    </ClCompile>
    <ClCompile Include="Effect.cpp">
      <Filter>Source Files\Effect</Filter>
    </ClCompile>
    <ClCompile Include="Flame.cpp">
      <Filter>Source Files\Effect</Filter>
    </ClCompile>
    <ClCompile Include="EffectFactory.cpp">
      <Filter>Source Files\Effect</Filter>
    </ClCompile>
    <ClCompile Include="IWhip.cpp">
      <Filter>Source Files\Item</Filter>
    </ClCompile>
    <ClCompile Include="Whip.cpp">
      <Filter>Source Files\Player</Filter>
    </ClCompile>
    <ClCompile Include="Simon.cpp">
      <Filter>Source Files\Player</Filter>
    </ClCompile>
    <ClCompile Include="GameObject.cpp">
      <Filter>Source Files\Objects</Filter>
    </ClCompile>
    <ClCompile Include="Brick.cpp">
      <Filter>Source Files\Objects</Filter>
    </ClCompile>
    <ClCompile Include="Torch.cpp">
      <Filter>Source Files\Objects</Filter>
    </ClCompile>
    <ClCompile Include="debug.cpp">
      <Filter>Source Files\Utils</Filter>
    </ClCompile>
    <ClCompile Include="WeaponFactory.cpp">
      <Filter>Source Files\SubWeapons</Filter>
    </ClCompile>
    <ClCompile Include="Weapon.cpp">
      <Filter>Source Files\SubWeapons</Filter>
    </ClCompile>
    <ClCompile Include="WDagger.cpp">
      <Filter>Source Files\SubWeapons</Filter>
    </ClCompile>
    <ClCompile Include="IDagger.cpp">
      <Filter>Source Files\Item</Filter>
    </ClCompile>
    <ClCompile Include="IMoney.cpp">
      <Filter>Source Files\Item</Filter>
    </ClCompile>
    <ClCompile Include="HiddenObject.cpp">
      <Filter>Source Files\Objects\Hide</Filter>
    </ClCompile>
    <ClCompile Include="Ground.cpp">
      <Filter>Source Files\Objects\Hide</Filter>
    </ClCompile>
    <ClCompile Include="HMoney.cpp">
      <Filter>Source Files\Objects\Hide</Filter>
    </ClCompile>
    <ClCompile Include="Entrance.cpp">
      <Filter>Source Files\Objects\Hide</Filter>
    </ClCompile>
    <ClCompile Include="RetroGrade.cpp">
      <Filter>Source Files\Objects\Hide</Filter>
    </ClCompile>
    <ClCompile Include="SwitchScene.cpp">
      <Filter>Source Files\Objects\Hide</Filter>
    </ClCompile>
    <ClCompile Include="Convert.cpp">
      <Filter>Source Files\Utils</Filter>
    </ClCompile>
    <ClCompile Include="Stair.cpp">
      <Filter>Source Files\Objects\Hide</Filter>
    </ClCompile>
  </ItemGroup>
  <ItemGroup>
    <None Include="packages.config" />
  </ItemGroup>
</Project>